Microsoft Visual Studio Solution File, Format Version 12.00
# Visual Studio Version 18
VisualStudioVersion = 18.4.11626.88 stable
MinimumVisualStudioVersion = 10.0.40219.1
Project("{FAE04EC0-301F-11D3-BF4B-00C04F79EFBC}") = "SistemaContatos.mvc", "SistemaContatos.mvc.csproj", "{D83D25F9-91B2-C20D-C39D-F2771C828FF2}"
EndProject
Global
	GlobalSection(SolutionConfigurationPlatforms) = preSolution
		Debug|Any CPU = Debug|Any CPU
		Release|Any CPU = Release|Any CPU
	EndGlobalSection
	GlobalSection(ProjectConfigurationPlatforms) = postSolution
		{D83D25F9-91B2-C20D-C39D-F2771C828FF2}.Debug|Any CPU.ActiveCfg = Debug|Any CPU
		{D83D25F9-91B2-C20D-C39D-F2771C828FF2}.Debug|Any CPU.Build.0 = Debug|Any CPU
		{D83D25F9-91B2-C20D-C39D-F2771C828FF2}.Release|Any CPU.ActiveCfg = Release|Any CPU
		{D83D25F9-91B2-C20D-C39D-F2771C828FF2}.Release|Any CPU.Build.0 = Release|Any CPU
	EndGlobalSection
	GlobalSection(SolutionProperties) = preSolution
		HideSolutionNode = FALSE
	EndGlobalSection
	GlobalSection(ExtensibilityGlobals) = postSolution
		SolutionGuid = {C4416BEB-97DD-400C-AEC9-0EEE9A5BE12A}
	EndGlobalSection
EndGlobal
